
Microsoft Visual Studio Solution File, Format Version 11.00
# Visual Studio 2010
Project("{888888A0-9F3D-457C-B088-3A5042F75D52}") = "reg_sohu_mail", "reg_sohu_mail.pyproj", "{92842F80-E0D7-4302-9C74-FC14AFB8E9D8}"
EndProject
Global
	GlobalSection(SolutionConfigurationPlatforms) = preSolution
		Debug|Any CPU = Debug|Any CPU
		Release|Any CPU = Release|Any CPU
	EndGlobalSection
	GlobalSection(ProjectConfigurationPlatforms) = postSolution
		{92842F80-E0D7-4302-9C74-FC14AFB8E9D8}.Debug|Any CPU.ActiveCfg = Debug|Any CPU
		{92842F80-E0D7-4302-9C74-FC14AFB8E9D8}.Release|Any CPU.ActiveCfg = Release|Any CPU
	EndGlobalSection
	GlobalSection(SolutionProperties) = preSolution
		HideSolutionNode = FALSE
	EndGlobalSection
EndGlobal
